
Microsoft Visual Studio Solution File, Format Version 12.00
# Visual Studio 15
VisualStudioVersion = 15.0.27428.2015
MinimumVisualStudioVersion = 10.0.40219.1
Project("{9A19103F-16F7-4668-BE54-9A1E7A4F7556}") = "QuizMakeFree", "QuizMakeFree.csproj", "{7BA55A53-5C29-450D-A17C-2BCC297F9BBB}"
EndProject
Global
	GlobalSection(SolutionConfigurationPlatforms) = preSolution
		Debug|Any CPU = Debug|Any CPU
		Release|Any CPU = Release|Any CPU
	EndGlobalSection
	GlobalSection(ProjectConfigurationPlatforms) = postSolution
		{7BA55A53-5C29-450D-A17C-2BCC297F9BBB}.Debug|Any CPU.ActiveCfg = Debug|Any CPU
		{7BA55A53-5C29-450D-A17C-2BCC297F9BBB}.Debug|Any CPU.Build.0 = Debug|Any CPU
		{7BA55A53-5C29-450D-A17C-2BCC297F9BBB}.Release|Any CPU.ActiveCfg = Release|Any CPU
		{7BA55A53-5C29-450D-A17C-2BCC297F9BBB}.Release|Any CPU.Build.0 = Release|Any CPU
	EndGlobalSection
	GlobalSection(SolutionProperties) = preSolution
		HideSolutionNode = FALSE
	EndGlobalSection
	GlobalSection(ExtensibilityGlobals) = postSolution
		SolutionGuid = {8F2610FA-4F99-45A7-AEC3-775554CA91F2}
		LessCompiler = 7ba55a53-5c29-450d-a17c-2bcc297f9bbb
	EndGlobalSection
EndGlobal
